
Microsoft Visual Studio Solution File, Format Version 12.00
# Visual Studio Version 17
VisualStudioVersion = 17.7.34031.279
MinimumVisualStudioVersion = 10.0.40219.1
Project("{FAE04EC0-301F-11D3-BF4B-00C04F79EFBC}") = "TimeServerApp", "TimeServerApp\TimeServerApp.csproj", "{27A8FA96-BD8A-445D-9322-EF84B707ACAC}"
EndProject
Global
	GlobalSection(SolutionConfigurationPlatforms) = preSolution
		Debug|Any CPU = Debug|Any CPU
		Release|Any CPU = Release|Any CPU
	EndGlobalSection
	GlobalSection(ProjectConfigurationPlatforms) = postSolution
		{27A8FA96-BD8A-445D-9322-EF84B707ACAC}.Debug|Any CPU.ActiveCfg = Debug|Any CPU
		{27A8FA96-BD8A-445D-9322-EF84B707ACAC}.Debug|Any CPU.Build.0 = Debug|Any CPU
		{27A8FA96-BD8A-445D-9322-EF84B707ACAC}.Release|Any CPU.ActiveCfg = Release|Any CPU
		{27A8FA96-BD8A-445D-9322-EF84B707ACAC}.Release|Any CPU.Build.0 = Release|Any CPU
	EndGlobalSection
	GlobalSection(SolutionProperties) = preSolution
		HideSolutionNode = FALSE
	EndGlobalSection
	GlobalSection(ExtensibilityGlobals) = postSolution
		SolutionGuid = {2CA95681-83E1-4499-A7D2-0B26371A1649}
	EndGlobalSection
EndGlobal
